
Microsoft Visual Studio Solution File, Format Version 12.00
# Visual Studio 14
VisualStudioVersion = 14.0.25420.1
MinimumVisualStudioVersion = 10.0.40219.1
Project("{FAE04EC0-301F-11D3-BF4B-00C04F79EFBC}") = "ShopParser", "ShopParser\ShopParser.csproj", "{05D2F275-E0B1-4931-8BF6-9E5C6E92E8B5}"
EndProject
Project("{FAE04EC0-301F-11D3-BF4B-00C04F79EFBC}") = "ShopParser.Tests", "ShopParser.Tests\ShopParser.Tests.csproj", "{B82A8ABD-9BE8-48DC-89B2-09749D3081EE}"
EndProject
Global
	GlobalSection(SolutionConfigurationPlatforms) = preSolution
		Debug|Any CPU = Debug|Any CPU
		Release|Any CPU = Release|Any CPU
	EndGlobalSection
	GlobalSection(ProjectConfigurationPlatforms) = postSolution
		{05D2F275-E0B1-4931-8BF6-9E5C6E92E8B5}.Debug|Any CPU.ActiveCfg = Debug|Any CPU
		{05D2F275-E0B1-4931-8BF6-9E5C6E92E8B5}.Debug|Any CPU.Build.0 = Debug|Any CPU
		{05D2F275-E0B1-4931-8BF6-9E5C6E92E8B5}.Release|Any CPU.ActiveCfg = Release|Any CPU
		{05D2F275-E0B1-4931-8BF6-9E5C6E92E8B5}.Release|Any CPU.Build.0 = Release|Any CPU
		{B82A8ABD-9BE8-48DC-89B2-09749D3081EE}.Debug|Any CPU.ActiveCfg = Debug|Any CPU
		{B82A8ABD-9BE8-48DC-89B2-09749D3081EE}.Debug|Any CPU.Build.0 = Debug|Any CPU
		{B82A8ABD-9BE8-48DC-89B2-09749D3081EE}.Release|Any CPU.ActiveCfg = Release|Any CPU
		{B82A8ABD-9BE8-48DC-89B2-09749D3081EE}.Release|Any CPU.Build.0 = Release|Any CPU
	EndGlobalSection
	GlobalSection(SolutionProperties) = preSolution
		HideSolutionNode = FALSE
	EndGlobalSection
EndGlobal
